
Microsoft Visual Studio Solution File, Format Version 12.00
# Visual Studio 14
VisualStudioVersion = 14.0.25420.1
MinimumVisualStudioVersion = 10.0.40219.1
Project("{FAE04EC0-301F-11D3-BF4B-00C04F79EFBC}") = "azeddini.BDD.MeetingRoom", "azeddini.BDD.MeetingRoom\azeddini.BDD.MeetingRoom.csproj", "{A2F32CA2-AC36-4FA1-A9DF-9C8CD82C6E7A}"
EndProject
Project("{FAE04EC0-301F-11D3-BF4B-00C04F79EFBC}") = "azeddini.BDD.MeetingRoom.Test", "azeddini.BDD.MeetingRoom.Test\azeddini.BDD.MeetingRoom.Test.csproj", "{B2899959-B6A7-43E9-9F76-9725F5511067}"
EndProject
Project("{FAE04EC0-301F-11D3-BF4B-00C04F79EFBC}") = "azeddini.BDD.MeetingRoom.Middelware", "azeddini.BDD.MeetingRoom.Middelware\azeddini.BDD.MeetingRoom.Middelware.csproj", "{4D771F72-138C-46CB-9FEC-E24B313C041C}"
EndProject
Global
	GlobalSection(SolutionConfigurationPlatforms) = preSolution
		Debug|Any CPU = Debug|Any CPU
		Release|Any CPU = Release|Any CPU
	EndGlobalSection
	GlobalSection(ProjectConfigurationPlatforms) = postSolution
		{A2F32CA2-AC36-4FA1-A9DF-9C8CD82C6E7A}.Debug|Any CPU.ActiveCfg = Debug|Any CPU
		{A2F32CA2-AC36-4FA1-A9DF-9C8CD82C6E7A}.Debug|Any CPU.Build.0 = Debug|Any CPU
		{A2F32CA2-AC36-4FA1-A9DF-9C8CD82C6E7A}.Release|Any CPU.ActiveCfg = Release|Any CPU
		{A2F32CA2-AC36-4FA1-A9DF-9C8CD82C6E7A}.Release|Any CPU.Build.0 = Release|Any CPU
		{B2899959-B6A7-43E9-9F76-9725F5511067}.Debug|Any CPU.ActiveCfg = Debug|Any CPU
		{B2899959-B6A7-43E9-9F76-9725F5511067}.Debug|Any CPU.Build.0 = Debug|Any CPU
		{B2899959-B6A7-43E9-9F76-9725F5511067}.Release|Any CPU.ActiveCfg = Release|Any CPU
		{B2899959-B6A7-43E9-9F76-9725F5511067}.Release|Any CPU.Build.0 = Release|Any CPU
		{4D771F72-138C-46CB-9FEC-E24B313C041C}.Debug|Any CPU.ActiveCfg = Debug|Any CPU
		{4D771F72-138C-46CB-9FEC-E24B313C041C}.Debug|Any CPU.Build.0 = Debug|Any CPU
		{4D771F72-138C-46CB-9FEC-E24B313C041C}.Release|Any CPU.ActiveCfg = Release|Any CPU
		{4D771F72-138C-46CB-9FEC-E24B313C041C}.Release|Any CPU.Build.0 = Release|Any CPU
	EndGlobalSection
	GlobalSection(SolutionProperties) = preSolution
		HideSolutionNode = FALSE
	EndGlobalSection
EndGlobal
